
Microsoft Visual Studio Solution File, Format Version 12.00
# Visual Studio Version 17
VisualStudioVersion = 17.0.31903.59
MinimumVisualStudioVersion = 10.0.40219.1
Project("{2150E333-8FDC-42A3-9474-1A3956D46DE8}") = "packages", "packages", "{21564EE5-997D-42F5-AF64-6BB1910824DD}"
EndProject
Project("{FAE04EC0-301F-11D3-BF4B-00C04F79EFBC}") = "Brinehold.Core", "packages\com.brinehold.core\Brinehold.Core.csproj", "{2219DD43-D335-40E7-B00F-A73DAB3A37E6}"
EndProject
Project("{FAE04EC0-301F-11D3-BF4B-00C04F79EFBC}") = "Brinehold.Sim", "packages\com.brinehold.sim\Brinehold.Sim.csproj", "{2BFAA361-783D-48EF-9A8E-FDE6DC3313A4}"
EndProject
Project("{2150E333-8FDC-42A3-9474-1A3956D46DE8}") = "src", "src", "{1DED3D95-7779-4BCB-B213-D507064F2A0E}"
EndProject
Project("{FAE04EC0-301F-11D3-BF4B-00C04F79EFBC}") = "Brinehold.Core.Tests", "src\Brinehold.Core.Tests\Brinehold.Core.Tests.csproj", "{A32BD9F6-0C16-4991-8145-E0C59E8CC7DD}"
EndProject
Project("{FAE04EC0-301F-11D3-BF4B-00C04F79EFBC}") = "Brinehold.Sim.Tests", "src\Brinehold.Sim.Tests\Brinehold.Sim.Tests.csproj", "{9AE65C7E-0337-4075-A725-824BDF9EA850}"
EndProject
Project("{FAE04EC0-301F-11D3-BF4B-00C04F79EFBC}") = "Brinehold.Protocol", "packages\com.brinehold.protocol\Brinehold.Protocol.csproj", "{32975D01-078B-458E-A464-E742424551B7}"
EndProject
Project("{FAE04EC0-301F-11D3-BF4B-00C04F79EFBC}") = "Brinehold.Net", "packages\com.brinehold.net\Brinehold.Net.csproj", "{38B3FB7E-05B2-4A04-BAEE-78D712C7CC66}"
EndProject
Project("{FAE04EC0-301F-11D3-BF4B-00C04F79EFBC}") = "Brinehold.Server", "src\Brinehold.Server\Brinehold.Server.csproj", "{44FA4948-83E3-4B78-82FF-B531983D8616}"
EndProject
Project("{FAE04EC0-301F-11D3-BF4B-00C04F79EFBC}") = "Brinehold.Integration.Tests", "src\Brinehold.Integration.Tests\Brinehold.Integration.Tests.csproj", "{22A17699-2EA1-4915-99E3-96FCEAA95228}"
EndProject
Global
	GlobalSection(SolutionConfigurationPlatforms) = preSolution
		Debug|Any CPU = Debug|Any CPU
		Release|Any CPU = Release|Any CPU
	EndGlobalSection
	GlobalSection(SolutionProperties) = preSolution
		HideSolutionNode = FALSE
	EndGlobalSection
	GlobalSection(ProjectConfigurationPlatforms) = postSolution
		{2219DD43-D335-40E7-B00F-A73DAB3A37E6}.Debug|Any CPU.ActiveCfg = Debug|Any CPU
		{2219DD43-D335-40E7-B00F-A73DAB3A37E6}.Debug|Any CPU.Build.0 = Debug|Any CPU
		{2219DD43-D335-40E7-B00F-A73DAB3A37E6}.Release|Any CPU.ActiveCfg = Release|Any CPU
		{2219DD43-D335-40E7-B00F-A73DAB3A37E6}.Release|Any CPU.Build.0 = Release|Any CPU
		{2BFAA361-783D-48EF-9A8E-FDE6DC3313A4}.Debug|Any CPU.ActiveCfg = Debug|Any CPU
		{2BFAA361-783D-48EF-9A8E-FDE6DC3313A4}.Debug|Any CPU.Build.0 = Debug|Any CPU
		{2BFAA361-783D-48EF-9A8E-FDE6DC3313A4}.Release|Any CPU.ActiveCfg = Release|Any CPU
		{2BFAA361-783D-48EF-9A8E-FDE6DC3313A4}.Release|Any CPU.Build.0 = Release|Any CPU
		{A32BD9F6-0C16-4991-8145-E0C59E8CC7DD}.Debug|Any CPU.ActiveCfg = Debug|Any CPU
		{A32BD9F6-0C16-4991-8145-E0C59E8CC7DD}.Debug|Any CPU.Build.0 = Debug|Any CPU
		{A32BD9F6-0C16-4991-8145-E0C59E8CC7DD}.Release|Any CPU.ActiveCfg = Release|Any CPU
		{A32BD9F6-0C16-4991-8145-E0C59E8CC7DD}.Release|Any CPU.Build.0 = Release|Any CPU
		{9AE65C7E-0337-4075-A725-824BDF9EA850}.Debug|Any CPU.ActiveCfg = Debug|Any CPU
		{9AE65C7E-0337-4075-A725-824BDF9EA850}.Debug|Any CPU.Build.0 = Debug|Any CPU
		{9AE65C7E-0337-4075-A725-824BDF9EA850}.Release|Any CPU.ActiveCfg = Release|Any CPU
		{9AE65C7E-0337-4075-A725-824BDF9EA850}.Release|Any CPU.Build.0 = Release|Any CPU
		{32975D01-078B-458E-A464-E742424551B7}.Debug|Any CPU.ActiveCfg = Debug|Any CPU
		{32975D01-078B-458E-A464-E742424551B7}.Debug|Any CPU.Build.0 = Debug|Any CPU
		{32975D01-078B-458E-A464-E742424551B7}.Release|Any CPU.ActiveCfg = Release|Any CPU
		{32975D01-078B-458E-A464-E742424551B7}.Release|Any CPU.Build.0 = Release|Any CPU
		{38B3FB7E-05B2-4A04-BAEE-78D712C7CC66}.Debug|Any CPU.ActiveCfg = Debug|Any CPU
		{38B3FB7E-05B2-4A04-BAEE-78D712C7CC66}.Debug|Any CPU.Build.0 = Debug|Any CPU
		{38B3FB7E-05B2-4A04-BAEE-78D712C7CC66}.Release|Any CPU.ActiveCfg = Release|Any CPU
		{38B3FB7E-05B2-4A04-BAEE-78D712C7CC66}.Release|Any CPU.Build.0 = Release|Any CPU
		{44FA4948-83E3-4B78-82FF-B531983D8616}.Debug|Any CPU.ActiveCfg = Debug|Any CPU
		{44FA4948-83E3-4B78-82FF-B531983D8616}.Debug|Any CPU.Build.0 = Debug|Any CPU
		{44FA4948-83E3-4B78-82FF-B531983D8616}.Release|Any CPU.ActiveCfg = Release|Any CPU
		{44FA4948-83E3-4B78-82FF-B531983D8616}.Release|Any CPU.Build.0 = Release|Any CPU
		{22A17699-2EA1-4915-99E3-96FCEAA95228}.Debug|Any CPU.ActiveCfg = Debug|Any CPU
		{22A17699-2EA1-4915-99E3-96FCEAA95228}.Debug|Any CPU.Build.0 = Debug|Any CPU
		{22A17699-2EA1-4915-99E3-96FCEAA95228}.Release|Any CPU.ActiveCfg = Release|Any CPU
		{22A17699-2EA1-4915-99E3-96FCEAA95228}.Release|Any CPU.Build.0 = Release|Any CPU
	EndGlobalSection
	GlobalSection(NestedProjects) = preSolution
		{2219DD43-D335-40E7-B00F-A73DAB3A37E6} = {21564EE5-997D-42F5-AF64-6BB1910824DD}
		{2BFAA361-783D-48EF-9A8E-FDE6DC3313A4} = {21564EE5-997D-42F5-AF64-6BB1910824DD}
		{A32BD9F6-0C16-4991-8145-E0C59E8CC7DD} = {1DED3D95-7779-4BCB-B213-D507064F2A0E}
		{9AE65C7E-0337-4075-A725-824BDF9EA850} = {1DED3D95-7779-4BCB-B213-D507064F2A0E}
		{32975D01-078B-458E-A464-E742424551B7} = {21564EE5-997D-42F5-AF64-6BB1910824DD}
		{38B3FB7E-05B2-4A04-BAEE-78D712C7CC66} = {21564EE5-997D-42F5-AF64-6BB1910824DD}
		{44FA4948-83E3-4B78-82FF-B531983D8616} = {1DED3D95-7779-4BCB-B213-D507064F2A0E}
		{22A17699-2EA1-4915-99E3-96FCEAA95228} = {1DED3D95-7779-4BCB-B213-D507064F2A0E}
	EndGlobalSection
EndGlobal
